
Microsoft Visual Studio Solution File, Format Version 12.00
# Visual Studio 15
VisualStudioVersion = 15.0.26124.0
MinimumVisualStudioVersion = 15.0.26124.0
Project("{2150E333-8FDC-42A3-9474-1A3956D46DE8}") = "src", "src", "{C5BC6050-1809-49EE-AE09-410C04B2C68F}"
EndProject
Project("{FAE04EC0-301F-11D3-BF4B-00C04F79EFBC}") = "Jhipster", "src\Jhipster\Jhipster.csproj", "{9E3BBC56-DAE3-48D0-AF60-8552705A7AB9}"
EndProject
Project("{2150E333-8FDC-42A3-9474-1A3956D46DE8}") = "test", "test", "{BC0641D1-20FA-442C-8AF8-C249F37676FE}"
EndProject
Project("{FAE04EC0-301F-11D3-BF4B-00C04F79EFBC}") = "Jhipster.Test", "test\Jhipster.Test\Jhipster.Test.csproj", "{C8003541-40D2-4C9E-B40A-AA8CBD5DD44F}"
EndProject
Project("{FAE04EC0-301F-11D3-BF4B-00C04F79EFBC}") = "Jhipster.Crosscutting", "src\Jhipster.Crosscutting\Jhipster.Crosscutting.csproj", "{6FB7C97F-F634-4554-B08B-E434B89B9708}"
EndProject
Project("{FAE04EC0-301F-11D3-BF4B-00C04F79EFBC}") = "Jhipster.Domain", "src\Jhipster.Domain\Jhipster.Domain.csproj", "{44229F7B-0B13-4B2A-951A-922C84FF524E}"
EndProject
Project("{FAE04EC0-301F-11D3-BF4B-00C04F79EFBC}") = "Jhipster.Dto", "src\Jhipster.Dto\Jhipster.Dto.csproj", "{4D465978-BB95-49CD-9567-96C2B4CC3E41}"
EndProject
Project("{FAE04EC0-301F-11D3-BF4B-00C04F79EFBC}") = "Jhipster.Domain.Services", "src\Jhipster.Domain.Services\Jhipster.Domain.Services.csproj", "{F464E076-6249-4A49-B767-037EFA553BA1}"
EndProject
Project("{FAE04EC0-301F-11D3-BF4B-00C04F79EFBC}") = "Jhipster.Infrastructure", "src\Jhipster.Infrastructure\Jhipster.Infrastructure.csproj", "{299A3BE1-C0C4-4831-828A-6DA83B1A4774}"
EndProject
Project("{FAE04EC0-301F-11D3-BF4B-00C04F79EFBC}") = "Jhipster.Application", "src\Jhipster.Application\Jhipster.Application.csproj", "{F88A6D61-9254-499E-862B-A7CB357759F0}"
EndProject
Global
	GlobalSection(SolutionConfigurationPlatforms) = preSolution
		Debug|Any CPU = Debug|Any CPU
		Debug|x64 = Debug|x64
		Debug|x86 = Debug|x86
		Release|Any CPU = Release|Any CPU
		Release|x64 = Release|x64
		Release|x86 = Release|x86
	EndGlobalSection
	GlobalSection(SolutionProperties) = preSolution
		HideSolutionNode = FALSE
	EndGlobalSection
	GlobalSection(ProjectConfigurationPlatforms) = postSolution
		{9E3BBC56-DAE3-48D0-AF60-8552705A7AB9}.Debug|Any CPU.ActiveCfg = Debug|Any CPU
		{9E3BBC56-DAE3-48D0-AF60-8552705A7AB9}.Debug|Any CPU.Build.0 = Debug|Any CPU
		{9E3BBC56-DAE3-48D0-AF60-8552705A7AB9}.Debug|x64.ActiveCfg = Debug|Any CPU
		{9E3BBC56-DAE3-48D0-AF60-8552705A7AB9}.Debug|x64.Build.0 = Debug|Any CPU
		{9E3BBC56-DAE3-48D0-AF60-8552705A7AB9}.Debug|x86.ActiveCfg = Debug|Any CPU
		{9E3BBC56-DAE3-48D0-AF60-8552705A7AB9}.Debug|x86.Build.0 = Debug|Any CPU
		{9E3BBC56-DAE3-48D0-AF60-8552705A7AB9}.Release|Any CPU.ActiveCfg = Release|Any CPU
		{9E3BBC56-DAE3-48D0-AF60-8552705A7AB9}.Release|Any CPU.Build.0 = Release|Any CPU
		{9E3BBC56-DAE3-48D0-AF60-8552705A7AB9}.Release|x64.ActiveCfg = Release|Any CPU
		{9E3BBC56-DAE3-48D0-AF60-8552705A7AB9}.Release|x64.Build.0 = Release|Any CPU
		{9E3BBC56-DAE3-48D0-AF60-8552705A7AB9}.Release|x86.ActiveCfg = Release|Any CPU
		{9E3BBC56-DAE3-48D0-AF60-8552705A7AB9}.Release|x86.Build.0 = Release|Any CPU
		{C8003541-40D2-4C9E-B40A-AA8CBD5DD44F}.Debug|Any CPU.ActiveCfg = Debug|Any CPU
		{C8003541-40D2-4C9E-B40A-AA8CBD5DD44F}.Debug|Any CPU.Build.0 = Debug|Any CPU
		{C8003541-40D2-4C9E-B40A-AA8CBD5DD44F}.Debug|x64.ActiveCfg = Debug|Any CPU
		{C8003541-40D2-4C9E-B40A-AA8CBD5DD44F}.Debug|x64.Build.0 = Debug|Any CPU
		{C8003541-40D2-4C9E-B40A-AA8CBD5DD44F}.Debug|x86.ActiveCfg = Debug|Any CPU
		{C8003541-40D2-4C9E-B40A-AA8CBD5DD44F}.Debug|x86.Build.0 = Debug|Any CPU
		{C8003541-40D2-4C9E-B40A-AA8CBD5DD44F}.Release|Any CPU.ActiveCfg = Release|Any CPU
		{C8003541-40D2-4C9E-B40A-AA8CBD5DD44F}.Release|Any CPU.Build.0 = Release|Any CPU
		{C8003541-40D2-4C9E-B40A-AA8CBD5DD44F}.Release|x64.ActiveCfg = Release|Any CPU
		{C8003541-40D2-4C9E-B40A-AA8CBD5DD44F}.Release|x64.Build.0 = Release|Any CPU
		{C8003541-40D2-4C9E-B40A-AA8CBD5DD44F}.Release|x86.ActiveCfg = Release|Any CPU
		{C8003541-40D2-4C9E-B40A-AA8CBD5DD44F}.Release|x86.Build.0 = Release|Any CPU
		{6FB7C97F-F634-4554-B08B-E434B89B9708}.Debug|Any CPU.ActiveCfg = Debug|Any CPU
		{6FB7C97F-F634-4554-B08B-E434B89B9708}.Debug|Any CPU.Build.0 = Debug|Any CPU
		{6FB7C97F-F634-4554-B08B-E434B89B9708}.Debug|x64.ActiveCfg = Debug|Any CPU
		{6FB7C97F-F634-4554-B08B-E434B89B9708}.Debug|x64.Build.0 = Debug|Any CPU
		{6FB7C97F-F634-4554-B08B-E434B89B9708}.Debug|x86.ActiveCfg = Debug|Any CPU
		{6FB7C97F-F634-4554-B08B-E434B89B9708}.Debug|x86.Build.0 = Debug|Any CPU
		{6FB7C97F-F634-4554-B08B-E434B89B9708}.Release|Any CPU.ActiveCfg = Release|Any CPU
		{6FB7C97F-F634-4554-B08B-E434B89B9708}.Release|Any CPU.Build.0 = Release|Any CPU
		{6FB7C97F-F634-4554-B08B-E434B89B9708}.Release|x64.ActiveCfg = Release|Any CPU
		{6FB7C97F-F634-4554-B08B-E434B89B9708}.Release|x64.Build.0 = Release|Any CPU
		{6FB7C97F-F634-4554-B08B-E434B89B9708}.Release|x86.ActiveCfg = Release|Any CPU
		{6FB7C97F-F634-4554-B08B-E434B89B9708}.Release|x86.Build.0 = Release|Any CPU
		{44229F7B-0B13-4B2A-951A-922C84FF524E}.Debug|Any CPU.ActiveCfg = Debug|Any CPU
		{44229F7B-0B13-4B2A-951A-922C84FF524E}.Debug|Any CPU.Build.0 = Debug|Any CPU
		{44229F7B-0B13-4B2A-951A-922C84FF524E}.Debug|x64.ActiveCfg = Debug|Any CPU
		{44229F7B-0B13-4B2A-951A-922C84FF524E}.Debug|x64.Build.0 = Debug|Any CPU
		{44229F7B-0B13-4B2A-951A-922C84FF524E}.Debug|x86.ActiveCfg = Debug|Any CPU
		{44229F7B-0B13-4B2A-951A-922C84FF524E}.Debug|x86.Build.0 = Debug|Any CPU
		{44229F7B-0B13-4B2A-951A-922C84FF524E}.Release|Any CPU.ActiveCfg = Release|Any CPU
		{44229F7B-0B13-4B2A-951A-922C84FF524E}.Release|Any CPU.Build.0 = Release|Any CPU
		{44229F7B-0B13-4B2A-951A-922C84FF524E}.Release|x64.ActiveCfg = Release|Any CPU
		{44229F7B-0B13-4B2A-951A-922C84FF524E}.Release|x64.Build.0 = Release|Any CPU
		{44229F7B-0B13-4B2A-951A-922C84FF524E}.Release|x86.ActiveCfg = Release|Any CPU
		{44229F7B-0B13-4B2A-951A-922C84FF524E}.Release|x86.Build.0 = Release|Any CPU
		{4D465978-BB95-49CD-9567-96C2B4CC3E41}.Debug|Any CPU.ActiveCfg = Debug|Any CPU
		{4D465978-BB95-49CD-9567-96C2B4CC3E41}.Debug|Any CPU.Build.0 = Debug|Any CPU
		{4D465978-BB95-49CD-9567-96C2B4CC3E41}.Debug|x64.ActiveCfg = Debug|Any CPU
		{4D465978-BB95-49CD-9567-96C2B4CC3E41}.Debug|x64.Build.0 = Debug|Any CPU
		{4D465978-BB95-49CD-9567-96C2B4CC3E41}.Debug|x86.ActiveCfg = Debug|Any CPU
		{4D465978-BB95-49CD-9567-96C2B4CC3E41}.Debug|x86.Build.0 = Debug|Any CPU
		{4D465978-BB95-49CD-9567-96C2B4CC3E41}.Release|Any CPU.ActiveCfg = Release|Any CPU
		{4D465978-BB95-49CD-9567-96C2B4CC3E41}.Release|Any CPU.Build.0 = Release|Any CPU
		{4D465978-BB95-49CD-9567-96C2B4CC3E41}.Release|x64.ActiveCfg = Release|Any CPU
		{4D465978-BB95-49CD-9567-96C2B4CC3E41}.Release|x64.Build.0 = Release|Any CPU
		{4D465978-BB95-49CD-9567-96C2B4CC3E41}.Release|x86.ActiveCfg = Release|Any CPU
		{4D465978-BB95-49CD-9567-96C2B4CC3E41}.Release|x86.Build.0 = Release|Any CPU
		{F464E076-6249-4A49-B767-037EFA553BA1}.Debug|Any CPU.ActiveCfg = Debug|Any CPU
		{F464E076-6249-4A49-B767-037EFA553BA1}.Debug|Any CPU.Build.0 = Debug|Any CPU
		{F464E076-6249-4A49-B767-037EFA553BA1}.Debug|x64.ActiveCfg = Debug|Any CPU
		{F464E076-6249-4A49-B767-037EFA553BA1}.Debug|x64.Build.0 = Debug|Any CPU
		{F464E076-6249-4A49-B767-037EFA553BA1}.Debug|x86.ActiveCfg = Debug|Any CPU
		{F464E076-6249-4A49-B767-037EFA553BA1}.Debug|x86.Build.0 = Debug|Any CPU
		{F464E076-6249-4A49-B767-037EFA553BA1}.Release|Any CPU.ActiveCfg = Release|Any CPU
		{F464E076-6249-4A49-B767-037EFA553BA1}.Release|Any CPU.Build.0 = Release|Any CPU
		{F464E076-6249-4A49-B767-037EFA553BA1}.Release|x64.ActiveCfg = Release|Any CPU
		{F464E076-6249-4A49-B767-037EFA553BA1}.Release|x64.Build.0 = Release|Any CPU
		{F464E076-6249-4A49-B767-037EFA553BA1}.Release|x86.ActiveCfg = Release|Any CPU
		{F464E076-6249-4A49-B767-037EFA553BA1}.Release|x86.Build.0 = Release|Any CPU
		{299A3BE1-C0C4-4831-828A-6DA83B1A4774}.Debug|Any CPU.ActiveCfg = Debug|Any CPU
		{299A3BE1-C0C4-4831-828A-6DA83B1A4774}.Debug|Any CPU.Build.0 = Debug|Any CPU
		{299A3BE1-C0C4-4831-828A-6DA83B1A4774}.Debug|x64.ActiveCfg = Debug|Any CPU
		{299A3BE1-C0C4-4831-828A-6DA83B1A4774}.Debug|x64.Build.0 = Debug|Any CPU
		{299A3BE1-C0C4-4831-828A-6DA83B1A4774}.Debug|x86.ActiveCfg = Debug|Any CPU
		{299A3BE1-C0C4-4831-828A-6DA83B1A4774}.Debug|x86.Build.0 = Debug|Any CPU
		{299A3BE1-C0C4-4831-828A-6DA83B1A4774}.Release|Any CPU.ActiveCfg = Release|Any CPU
		{299A3BE1-C0C4-4831-828A-6DA83B1A4774}.Release|Any CPU.Build.0 = Release|Any CPU
		{299A3BE1-C0C4-4831-828A-6DA83B1A4774}.Release|x64.ActiveCfg = Release|Any CPU
		{299A3BE1-C0C4-4831-828A-6DA83B1A4774}.Release|x64.Build.0 = Release|Any CPU
		{299A3BE1-C0C4-4831-828A-6DA83B1A4774}.Release|x86.ActiveCfg = Release|Any CPU
		{299A3BE1-C0C4-4831-828A-6DA83B1A4774}.Release|x86.Build.0 = Release|Any CPU
		{F88A6D61-9254-499E-862B-A7CB357759F0}.Debug|Any CPU.ActiveCfg = Debug|Any CPU
		{F88A6D61-9254-499E-862B-A7CB357759F0}.Debug|Any CPU.Build.0 = Debug|Any CPU
		{F88A6D61-9254-499E-862B-A7CB357759F0}.Debug|x64.ActiveCfg = Debug|Any CPU
		{F88A6D61-9254-499E-862B-A7CB357759F0}.Debug|x64.Build.0 = Debug|Any CPU
		{F88A6D61-9254-499E-862B-A7CB357759F0}.Debug|x86.ActiveCfg = Debug|Any CPU
		{F88A6D61-9254-499E-862B-A7CB357759F0}.Debug|x86.Build.0 = Debug|Any CPU
		{F88A6D61-9254-499E-862B-A7CB357759F0}.Release|Any CPU.ActiveCfg = Release|Any CPU
		{F88A6D61-9254-499E-862B-A7CB357759F0}.Release|Any CPU.Build.0 = Release|Any CPU
		{F88A6D61-9254-499E-862B-A7CB357759F0}.Release|x64.ActiveCfg = Release|Any CPU
		{F88A6D61-9254-499E-862B-A7CB357759F0}.Release|x64.Build.0 = Release|Any CPU
		{F88A6D61-9254-499E-862B-A7CB357759F0}.Release|x86.ActiveCfg = Release|Any CPU
		{F88A6D61-9254-499E-862B-A7CB357759F0}.Release|x86.Build.0 = Release|Any CPU
	EndGlobalSection
	GlobalSection(NestedProjects) = preSolution
		{9E3BBC56-DAE3-48D0-AF60-8552705A7AB9} = {C5BC6050-1809-49EE-AE09-410C04B2C68F}
		{C8003541-40D2-4C9E-B40A-AA8CBD5DD44F} = {BC0641D1-20FA-442C-8AF8-C249F37676FE}
		{6FB7C97F-F634-4554-B08B-E434B89B9708} = {C5BC6050-1809-49EE-AE09-410C04B2C68F}
		{44229F7B-0B13-4B2A-951A-922C84FF524E} = {C5BC6050-1809-49EE-AE09-410C04B2C68F}
		{4D465978-BB95-49CD-9567-96C2B4CC3E41} = {C5BC6050-1809-49EE-AE09-410C04B2C68F}
		{F464E076-6249-4A49-B767-037EFA553BA1} = {C5BC6050-1809-49EE-AE09-410C04B2C68F}
		{299A3BE1-C0C4-4831-828A-6DA83B1A4774} = {C5BC6050-1809-49EE-AE09-410C04B2C68F}
		{F88A6D61-9254-499E-862B-A7CB357759F0} = {C5BC6050-1809-49EE-AE09-410C04B2C68F}
	EndGlobalSection
EndGlobal
